
Microsoft Visual Studio Solution File, Format Version 12.00
# Visual Studio Version 17
VisualStudioVersion = 17.6.33829.357
MinimumVisualStudioVersion = 10.0.40219.1
Project("{9A19103F-16F7-4668-BE54-9A1E7A4F7556}") = "Torneio", "Torneio\Torneio.csproj", "{EDC7A17E-EFEE-4226-A36C-06B4299CB050}"
EndProject
Project("{FAE04EC0-301F-11D3-BF4B-00C04F79EFBC}") = "TorneioTests", "TorneioTests\TorneioTests.csproj", "{C70190F9-495F-45E4-ADA8-315973F7E841}"
EndProject
Global
	GlobalSection(SolutionConfigurationPlatforms) = preSolution
		Debug|Any CPU = Debug|Any CPU
		Release|Any CPU = Release|Any CPU
	EndGlobalSection
	GlobalSection(ProjectConfigurationPlatforms) = postSolution
		{EDC7A17E-EFEE-4226-A36C-06B4299CB050}.Debug|Any CPU.ActiveCfg = Debug|Any CPU
		{EDC7A17E-EFEE-4226-A36C-06B4299CB050}.Debug|Any CPU.Build.0 = Debug|Any CPU
		{EDC7A17E-EFEE-4226-A36C-06B4299CB050}.Release|Any CPU.ActiveCfg = Release|Any CPU
		{EDC7A17E-EFEE-4226-A36C-06B4299CB050}.Release|Any CPU.Build.0 = Release|Any CPU
		{C70190F9-495F-45E4-ADA8-315973F7E841}.Debug|Any CPU.ActiveCfg = Debug|Any CPU
		{C70190F9-495F-45E4-ADA8-315973F7E841}.Debug|Any CPU.Build.0 = Debug|Any CPU
		{C70190F9-495F-45E4-ADA8-315973F7E841}.Release|Any CPU.ActiveCfg = Release|Any CPU
		{C70190F9-495F-45E4-ADA8-315973F7E841}.Release|Any CPU.Build.0 = Release|Any CPU
	EndGlobalSection
	GlobalSection(SolutionProperties) = preSolution
		HideSolutionNode = FALSE
	EndGlobalSection
	GlobalSection(ExtensibilityGlobals) = postSolution
		SolutionGuid = {C8D27DBA-BC35-47FD-B8C2-EF97BCC8A7F0}
	EndGlobalSection
EndGlobal
